
Microsoft Visual Studio Solution File, Format Version 12.00
# Visual Studio Version 18
VisualStudioVersion = 18.2.11415.280 d18.0
MinimumVisualStudioVersion = 10.0.40219.1
Project("{FAE04EC0-301F-11D3-BF4B-00C04F79EFBC}") = "TPTodolist", "TPTodolist.csproj", "{6F19B132-7752-0284-1464-278DCA68D6E0}"
EndProject
Global
	GlobalSection(SolutionConfigurationPlatforms) = preSolution
		Debug|Any CPU = Debug|Any CPU
		Release|Any CPU = Release|Any CPU
	EndGlobalSection
	GlobalSection(ProjectConfigurationPlatforms) = postSolution
		{6F19B132-7752-0284-1464-278DCA68D6E0}.Debug|Any CPU.ActiveCfg = Debug|Any CPU
		{6F19B132-7752-0284-1464-278DCA68D6E0}.Debug|Any CPU.Build.0 = Debug|Any CPU
		{6F19B132-7752-0284-1464-278DCA68D6E0}.Release|Any CPU.ActiveCfg = Release|Any CPU
		{6F19B132-7752-0284-1464-278DCA68D6E0}.Release|Any CPU.Build.0 = Release|Any CPU
	EndGlobalSection
	GlobalSection(SolutionProperties) = preSolution
		HideSolutionNode = FALSE
	EndGlobalSection
	GlobalSection(ExtensibilityGlobals) = postSolution
		SolutionGuid = {55CF43C5-08AE-451B-9BA7-2B6496495428}
	EndGlobalSection
EndGlobal
